
Microsoft Visual Studio Solution File, Format Version 12.00
# Visual Studio Version 16
VisualStudioVersion = 16.0.30002.166
MinimumVisualStudioVersion = 10.0.40219.1
Project("{9A19103F-16F7-4668-BE54-9A1E7A4F7556}") = "DXP.QA.ConsoleBeginer", "DXP.QA.ConsoleBeginer\DXP.QA.ConsoleBeginer.csproj", "{12B5B466-83B9-4C7A-B551-230C10FF24DA}"
EndProject
Project("{9A19103F-16F7-4668-BE54-9A1E7A4F7556}") = "Leng.Week1", "leng.Week1\Leng.Week1.csproj", "{167B54D9-7E1A-4634-8345-5CF088009624}"
EndProject
Project("{9A19103F-16F7-4668-BE54-9A1E7A4F7556}") = "DXP.QA.Vile.Newbie", "DXP.QA.Vile.Newbie\DXP.QA.Vile.Newbie.csproj", "{A24BC82C-9F8B-4CBB-A36E-6B00D4D68006}"
EndProject
Global
	GlobalSection(SolutionConfigurationPlatforms) = preSolution
		Debug|Any CPU = Debug|Any CPU
		Release|Any CPU = Release|Any CPU
	EndGlobalSection
	GlobalSection(ProjectConfigurationPlatforms) = postSolution
		{12B5B466-83B9-4C7A-B551-230C10FF24DA}.Debug|Any CPU.ActiveCfg = Debug|Any CPU
		{12B5B466-83B9-4C7A-B551-230C10FF24DA}.Release|Any CPU.ActiveCfg = Release|Any CPU
		{12B5B466-83B9-4C7A-B551-230C10FF24DA}.Release|Any CPU.Build.0 = Release|Any CPU
		{167B54D9-7E1A-4634-8345-5CF088009624}.Debug|Any CPU.ActiveCfg = Debug|Any CPU
		{167B54D9-7E1A-4634-8345-5CF088009624}.Debug|Any CPU.Build.0 = Debug|Any CPU
		{167B54D9-7E1A-4634-8345-5CF088009624}.Release|Any CPU.ActiveCfg = Release|Any CPU
		{167B54D9-7E1A-4634-8345-5CF088009624}.Release|Any CPU.Build.0 = Release|Any CPU
		{A24BC82C-9F8B-4CBB-A36E-6B00D4D68006}.Debug|Any CPU.ActiveCfg = Debug|Any CPU
		{A24BC82C-9F8B-4CBB-A36E-6B00D4D68006}.Debug|Any CPU.Build.0 = Debug|Any CPU
		{A24BC82C-9F8B-4CBB-A36E-6B00D4D68006}.Release|Any CPU.ActiveCfg = Release|Any CPU
		{A24BC82C-9F8B-4CBB-A36E-6B00D4D68006}.Release|Any CPU.Build.0 = Release|Any CPU
	EndGlobalSection
	GlobalSection(SolutionProperties) = preSolution
		HideSolutionNode = FALSE
	EndGlobalSection
	GlobalSection(ExtensibilityGlobals) = postSolution
		SolutionGuid = {D2F10D0D-813B-4833-A1E6-0776DCFC4004}
	EndGlobalSection
EndGlobal
